
Microsoft Visual Studio Solution File, Format Version 12.00
# Visual Studio Version 17
VisualStudioVersion = 17.8.34330.188
MinimumVisualStudioVersion = 10.0.40219.1
Project("{FAE04EC0-301F-11D3-BF4B-00C04F79EFBC}") = "SalesWebMVC", "SalesWebMVC\SalesWebMVC.csproj", "{2F005664-31F3-4275-A1DA-DA1EA811651A}"
EndProject
Global
	GlobalSection(SolutionConfigurationPlatforms) = preSolution
		Debug|Any CPU = Debug|Any CPU
		Release|Any CPU = Release|Any CPU
	EndGlobalSection
	GlobalSection(ProjectConfigurationPlatforms) = postSolution
		{2F005664-31F3-4275-A1DA-DA1EA811651A}.Debug|Any CPU.ActiveCfg = Debug|Any CPU
		{2F005664-31F3-4275-A1DA-DA1EA811651A}.Debug|Any CPU.Build.0 = Debug|Any CPU
		{2F005664-31F3-4275-A1DA-DA1EA811651A}.Release|Any CPU.ActiveCfg = Release|Any CPU
		{2F005664-31F3-4275-A1DA-DA1EA811651A}.Release|Any CPU.Build.0 = Release|Any CPU
	EndGlobalSection
	GlobalSection(SolutionProperties) = preSolution
		HideSolutionNode = FALSE
	EndGlobalSection
	GlobalSection(ExtensibilityGlobals) = postSolution
		SolutionGuid = {B523F878-54BD-4D06-8978-8A706B9FBE3D}
	EndGlobalSection
EndGlobal
